
Microsoft Visual Studio Solution File, Format Version 12.00
# Visual Studio Version 17
VisualStudioVersion = 17.3.32901.215
MinimumVisualStudioVersion = 10.0.40219.1
Project("{FAE04EC0-301F-11D3-BF4B-00C04F79EFBC}") = "FiilmesAPI", "FiilmesAPI\FiilmesAPI.csproj", "{1C4A96EE-ADB0-4B96-9D77-AF66551A8F95}"
EndProject
Global
	GlobalSection(SolutionConfigurationPlatforms) = preSolution
		Debug|Any CPU = Debug|Any CPU
		Release|Any CPU = Release|Any CPU
	EndGlobalSection
	GlobalSection(ProjectConfigurationPlatforms) = postSolution
		{1C4A96EE-ADB0-4B96-9D77-AF66551A8F95}.Debug|Any CPU.ActiveCfg = Debug|Any CPU
		{1C4A96EE-ADB0-4B96-9D77-AF66551A8F95}.Debug|Any CPU.Build.0 = Debug|Any CPU
		{1C4A96EE-ADB0-4B96-9D77-AF66551A8F95}.Release|Any CPU.ActiveCfg = Release|Any CPU
		{1C4A96EE-ADB0-4B96-9D77-AF66551A8F95}.Release|Any CPU.Build.0 = Release|Any CPU
	EndGlobalSection
	GlobalSection(SolutionProperties) = preSolution
		HideSolutionNode = FALSE
	EndGlobalSection
	GlobalSection(ExtensibilityGlobals) = postSolution
		SolutionGuid = {2A826D54-0EC4-4BBB-A0D5-8B713FF51960}
	EndGlobalSection
EndGlobal
